{
  "name": "RETO-DAW2-EQUIPO-3",
  "lockfileVersion": 3,
  "requires": true,
  "packages": {
    "": {
      "dependencies": {
        "tinymce": "^7.7.0"
      }
    },
    "node_modules/tinymce": {
      "version": "7.7.0",
      "resolved": "https://registry.npmjs.org/tinymce/-/tinymce-7.7.0.tgz",
      "integrity": "sha512-zDFPXeje5fQIxuYzv9fE6YmjFBQmeB9SU+85ofizIHqCCkbBnDdEWhD5R8rBu9MwdjIQP3aNohgGe9D6JOhNaw==",
      "license": "GPL-2.0-or-later"
    }
  }
}
